
Microsoft Visual Studio Solution File, Format Version 12.00
# Visual Studio Version 16
VisualStudioVersion = 16.0.29102.190
MinimumVisualStudioVersion = 10.0.40219.1
Project("{FAE04EC0-301F-11D3-BF4B-00C04F79EFBC}") = "CoffeeShop", "CoffeeShop.csproj", "{2DE83F41-8F83-4053-A4C3-DA04FB901159}"
EndProject
Project("{FAE04EC0-301F-11D3-BF4B-00C04F79EFBC}") = "Model", "..\Model\Model.csproj", "{DD9D51AD-5336-4218-A735-0D47FA478953}"
EndProject
Global
	GlobalSection(SolutionConfigurationPlatforms) = preSolution
		Debug|Any CPU = Debug|Any CPU
		Release|Any CPU = Release|Any CPU
	EndGlobalSection
	GlobalSection(ProjectConfigurationPlatforms) = postSolution
		{2DE83F41-8F83-4053-A4C3-DA04FB901159}.Debug|Any CPU.ActiveCfg = Debug|Any CPU
		{2DE83F41-8F83-4053-A4C3-DA04FB901159}.Debug|Any CPU.Build.0 = Debug|Any CPU
		{2DE83F41-8F83-4053-A4C3-DA04FB901159}.Release|Any CPU.ActiveCfg = Release|Any CPU
		{2DE83F41-8F83-4053-A4C3-DA04FB901159}.Release|Any CPU.Build.0 = Release|Any CPU
		{DD9D51AD-5336-4218-A735-0D47FA478953}.Debug|Any CPU.ActiveCfg = Debug|Any CPU
		{DD9D51AD-5336-4218-A735-0D47FA478953}.Debug|Any CPU.Build.0 = Debug|Any CPU
		{DD9D51AD-5336-4218-A735-0D47FA478953}.Release|Any CPU.ActiveCfg = Release|Any CPU
		{DD9D51AD-5336-4218-A735-0D47FA478953}.Release|Any CPU.Build.0 = Release|Any CPU
	EndGlobalSection
	GlobalSection(SolutionProperties) = preSolution
		HideSolutionNode = FALSE
	EndGlobalSection
	GlobalSection(ExtensibilityGlobals) = postSolution
		SolutionGuid = {01829700-BBE4-4739-BC96-3358A6C460DC}
	EndGlobalSection
EndGlobal
